{
  "name": "hello-node",
  "version": "0.0.1",
  "lockfileVersion": 1,
  "requires": true,
  "dependencies": {
    "cards-ascii": {
      "version": "1.3.1",
      "resolved": "https://registry.npmjs.org/cards-ascii/-/cards-ascii-1.3.1.tgz",
      "integrity": "sha512-lTBTsZyso28TKcn+2AhuDn0ZiUaZFvvCJygn9yGpqDUTtnVUNh6sY3X/EkL53PqLH8qRWRQXU0wbc5C9y7bK0g==",
      "requires": {
        "cards-unicode": "^1.2.1"
      }
    },
    "cards-unicode": {
      "version": "1.2.1",
      "resolved": "https://registry.npmjs.org/cards-unicode/-/cards-unicode-1.2.1.tgz",
      "integrity": "sha512-s/vCBpQcAVlobL+nCZ4+R2UcSyq5+ph4e6ZgflWPyIXUtvV85myLEKXmEH8G48wTPQCmb+QUBJuu4AAdXEOmjQ=="
    }
  }
}
